
Microsoft Visual Studio Solution File, Format Version 12.00
# Visual Studio 15
VisualStudioVersion = 15.0.27130.2036
MinimumVisualStudioVersion = 10.0.40219.1
Project("{FAE04EC0-301F-11D3-BF4B-00C04F79EFBC}") = "Person_Objects_Assignment", "Person_Objects_Assignment\Person_Objects_Assignment.csproj", "{FC604403-34AD-43FA-AA95-8E6E2BE218F4}"
EndProject
Global
	GlobalSection(SolutionConfigurationPlatforms) = preSolution
		Debug|Any CPU = Debug|Any CPU
		Release|Any CPU = Release|Any CPU
	EndGlobalSection
	GlobalSection(ProjectConfigurationPlatforms) = postSolution
		{FC604403-34AD-43FA-AA95-8E6E2BE218F4}.Debug|Any CPU.ActiveCfg = Debug|Any CPU
		{FC604403-34AD-43FA-AA95-8E6E2BE218F4}.Debug|Any CPU.Build.0 = Debug|Any CPU
		{FC604403-34AD-43FA-AA95-8E6E2BE218F4}.Release|Any CPU.ActiveCfg = Release|Any CPU
		{FC604403-34AD-43FA-AA95-8E6E2BE218F4}.Release|Any CPU.Build.0 = Release|Any CPU
	EndGlobalSection
	GlobalSection(SolutionProperties) = preSolution
		HideSolutionNode = FALSE
	EndGlobalSection
	GlobalSection(ExtensibilityGlobals) = postSolution
		SolutionGuid = {CAE0FCA5-3537-4C05-88F5-11FE4D56C1EC}
	EndGlobalSection
EndGlobal
